
Microsoft Visual Studio Solution File, Format Version 12.00
# Visual Studio Version 17
VisualStudioVersion = 17.14.36414.22 d17.14
MinimumVisualStudioVersion = 10.0.40219.1
Project("{2150E333-8FDC-42A3-9474-1A3956D46DE8}") = "src", "src", "{02EA681E-C7D8-13C7-8484-4AC65E1B71E8}"
EndProject
Project("{2150E333-8FDC-42A3-9474-1A3956D46DE8}") = "Application", "Application", "{E8CB2EBA-4223-4F27-9679-2DD45CFF9E7E}"
EndProject
Project("{2150E333-8FDC-42A3-9474-1A3956D46DE8}") = "Core", "Core", "{AD1C6290-9FDF-44B5-8B5C-D3827BDDC153}"
EndProject
Project("{2150E333-8FDC-42A3-9474-1A3956D46DE8}") = "Infrastructure", "Infrastructure", "{CD8913CF-0D4F-4E94-A67D-413DC7FA323E}"
EndProject
Project("{2150E333-8FDC-42A3-9474-1A3956D46DE8}") = "WebApi", "WebApi", "{3350BA46-5BFF-49ED-8437-20D32AC607D3}"
EndProject
Project("{2150E333-8FDC-42A3-9474-1A3956D46DE8}") = "DataPlane", "DataPlane", "{1675767B-82BF-4C19-900D-5BC971023AD3}"
EndProject
Project("{2150E333-8FDC-42A3-9474-1A3956D46DE8}") = "tests", "tests", "{F9F7EDB9-727E-48F4-979D-8EB3483107D0}"
EndProject
Project("{2150E333-8FDC-42A3-9474-1A3956D46DE8}") = "Unit", "Unit", "{93C7BC18-08F4-43BA-A883-0124DBA26AF3}"
EndProject
Project("{2150E333-8FDC-42A3-9474-1A3956D46DE8}") = "Integration", "Integration", "{438F150F-4A43-4DB7-8AC7-FBA54B8E4BDC}"
EndProject
Project("{2150E333-8FDC-42A3-9474-1A3956D46DE8}") = "E2E", "E2E", "{351F0282-7ED1-4B14-A260-D3C1A238F271}"
EndProject
Project("{2150E333-8FDC-42A3-9474-1A3956D46DE8}") = "CLI", "CLI", "{4F9BFBB8-113E-46E8-BA8A-16E8AE5C8F17}"
EndProject
Project("{2150E333-8FDC-42A3-9474-1A3956D46DE8}") = "SDK", "SDK", "{41DB9F5E-FD78-4B66-92B9-235C25D636CE}"
EndProject
Project("{FAE04EC0-301F-11D3-BF4B-00C04F79EFBC}") = "Infra.ResilienceLab.Application", "src\Application\Infra.ResilienceLab.Application\Infra.ResilienceLab.Application.csproj", "{96E780A3-8947-4A8D-8466-BFF86B95A908}"
EndProject
Project("{FAE04EC0-301F-11D3-BF4B-00C04F79EFBC}") = "Infra.ResilienceLab.Infrastructure", "src\Infrastructure\Infra.ResilienceLab.Infrastructure\Infra.ResilienceLab.Infrastructure.csproj", "{403C6BEA-5C5F-4D3F-A767-51586C46C441}"
EndProject
Project("{FAE04EC0-301F-11D3-BF4B-00C04F79EFBC}") = "Infra.ResilienceLab.Api", "src\WebAPI\Infra.ResilienceLab.Api\Infra.ResilienceLab.Api.csproj", "{15A6D765-B458-4F4B-BD19-2F0127750ACF}"
EndProject
Project("{FAE04EC0-301F-11D3-BF4B-00C04F79EFBC}") = "Infra.ResilienceLab.DataPlane", "src\DataPlane\Infra.ResilienceLab.DataPlane\Infra.ResilienceLab.DataPlane.csproj", "{8577F115-CD9C-4F10-9CB8-1173E46A93F4}"
EndProject
Project("{FAE04EC0-301F-11D3-BF4B-00C04F79EFBC}") = "Infra.ResilienceLab.Faults", "src\Core\Infra.ResilienceLab.Faults\Infra.ResilienceLab.Faults.csproj", "{E5D07913-5C7A-4023-B657-3143499C8ED3}"
EndProject
Project("{FAE04EC0-301F-11D3-BF4B-00C04F79EFBC}") = "Infra.ResilienceLab.Cli", "src\CLI\Infra.ResilienceLab.Cli\Infra.ResilienceLab.Cli.csproj", "{80681D40-DECF-43F1-8708-0A1DC8D04C81}"
EndProject
Project("{FAE04EC0-301F-11D3-BF4B-00C04F79EFBC}") = "Infra.ResilienceLab.Sdk", "src\SDK\Infra.ResilienceLab.Sdk\Infra.ResilienceLab.Sdk.csproj", "{60C83013-ADB3-4602-BCB3-9A17D3BA6D2D}"
EndProject
Project("{FAE04EC0-301F-11D3-BF4B-00C04F79EFBC}") = "Infra.ResilienceLab.UnitTests", "tests\Unit\Infra.ResilienceLab.UnitTests\Infra.ResilienceLab.UnitTests.csproj", "{2517E14D-366F-403E-A155-A352AD5D1437}"
EndProject
Project("{FAE04EC0-301F-11D3-BF4B-00C04F79EFBC}") = "Infra.ResilienceLab.IntegrationTests", "tests\Integration\Infra.ResilienceLab.IntegrationTests\Infra.ResilienceLab.IntegrationTests.csproj", "{DC24075A-9706-4CD5-909E-25B6B77EB5FD}"
EndProject
Project("{FAE04EC0-301F-11D3-BF4B-00C04F79EFBC}") = "Infra.ResilienceLab.E2ETests", "tests\E2E\Infra.ResilienceLab.E2ETests\Infra.ResilienceLab.E2ETests.csproj", "{2FCFC387-E48D-46ED-B7C0-AE1E8EFE0020}"
EndProject
Global
	GlobalSection(SolutionConfigurationPlatforms) = preSolution
		Debug|Any CPU = Debug|Any CPU
		Release|Any CPU = Release|Any CPU
	EndGlobalSection
	GlobalSection(ProjectConfigurationPlatforms) = postSolution
		{96E780A3-8947-4A8D-8466-BFF86B95A908}.Debug|Any CPU.ActiveCfg = Debug|Any CPU
		{96E780A3-8947-4A8D-8466-BFF86B95A908}.Debug|Any CPU.Build.0 = Debug|Any CPU
		{96E780A3-8947-4A8D-8466-BFF86B95A908}.Release|Any CPU.ActiveCfg = Release|Any CPU
		{96E780A3-8947-4A8D-8466-BFF86B95A908}.Release|Any CPU.Build.0 = Release|Any CPU
		{403C6BEA-5C5F-4D3F-A767-51586C46C441}.Debug|Any CPU.ActiveCfg = Debug|Any CPU
		{403C6BEA-5C5F-4D3F-A767-51586C46C441}.Debug|Any CPU.Build.0 = Debug|Any CPU
		{403C6BEA-5C5F-4D3F-A767-51586C46C441}.Release|Any CPU.ActiveCfg = Release|Any CPU
		{403C6BEA-5C5F-4D3F-A767-51586C46C441}.Release|Any CPU.Build.0 = Release|Any CPU
		{15A6D765-B458-4F4B-BD19-2F0127750ACF}.Debug|Any CPU.ActiveCfg = Debug|Any CPU
		{15A6D765-B458-4F4B-BD19-2F0127750ACF}.Debug|Any CPU.Build.0 = Debug|Any CPU
		{15A6D765-B458-4F4B-BD19-2F0127750ACF}.Release|Any CPU.ActiveCfg = Release|Any CPU
		{15A6D765-B458-4F4B-BD19-2F0127750ACF}.Release|Any CPU.Build.0 = Release|Any CPU
		{8577F115-CD9C-4F10-9CB8-1173E46A93F4}.Debug|Any CPU.ActiveCfg = Debug|Any CPU
		{8577F115-CD9C-4F10-9CB8-1173E46A93F4}.Debug|Any CPU.Build.0 = Debug|Any CPU
		{8577F115-CD9C-4F10-9CB8-1173E46A93F4}.Release|Any CPU.ActiveCfg = Release|Any CPU
		{8577F115-CD9C-4F10-9CB8-1173E46A93F4}.Release|Any CPU.Build.0 = Release|Any CPU
		{E5D07913-5C7A-4023-B657-3143499C8ED3}.Debug|Any CPU.ActiveCfg = Debug|Any CPU
		{E5D07913-5C7A-4023-B657-3143499C8ED3}.Debug|Any CPU.Build.0 = Debug|Any CPU
		{E5D07913-5C7A-4023-B657-3143499C8ED3}.Release|Any CPU.ActiveCfg = Release|Any CPU
		{E5D07913-5C7A-4023-B657-3143499C8ED3}.Release|Any CPU.Build.0 = Release|Any CPU
		{80681D40-DECF-43F1-8708-0A1DC8D04C81}.Debug|Any CPU.ActiveCfg = Debug|Any CPU
		{80681D40-DECF-43F1-8708-0A1DC8D04C81}.Debug|Any CPU.Build.0 = Debug|Any CPU
		{80681D40-DECF-43F1-8708-0A1DC8D04C81}.Release|Any CPU.ActiveCfg = Release|Any CPU
		{80681D40-DECF-43F1-8708-0A1DC8D04C81}.Release|Any CPU.Build.0 = Release|Any CPU
		{60C83013-ADB3-4602-BCB3-9A17D3BA6D2D}.Debug|Any CPU.ActiveCfg = Debug|Any CPU
		{60C83013-ADB3-4602-BCB3-9A17D3BA6D2D}.Debug|Any CPU.Build.0 = Debug|Any CPU
		{60C83013-ADB3-4602-BCB3-9A17D3BA6D2D}.Release|Any CPU.ActiveCfg = Release|Any CPU
		{60C83013-ADB3-4602-BCB3-9A17D3BA6D2D}.Release|Any CPU.Build.0 = Release|Any CPU
		{2517E14D-366F-403E-A155-A352AD5D1437}.Debug|Any CPU.ActiveCfg = Debug|Any CPU
		{2517E14D-366F-403E-A155-A352AD5D1437}.Debug|Any CPU.Build.0 = Debug|Any CPU
		{2517E14D-366F-403E-A155-A352AD5D1437}.Release|Any CPU.ActiveCfg = Release|Any CPU
		{2517E14D-366F-403E-A155-A352AD5D1437}.Release|Any CPU.Build.0 = Release|Any CPU
		{DC24075A-9706-4CD5-909E-25B6B77EB5FD}.Debug|Any CPU.ActiveCfg = Debug|Any CPU
		{DC24075A-9706-4CD5-909E-25B6B77EB5FD}.Debug|Any CPU.Build.0 = Debug|Any CPU
		{DC24075A-9706-4CD5-909E-25B6B77EB5FD}.Release|Any CPU.ActiveCfg = Release|Any CPU
		{DC24075A-9706-4CD5-909E-25B6B77EB5FD}.Release|Any CPU.Build.0 = Release|Any CPU
		{2FCFC387-E48D-46ED-B7C0-AE1E8EFE0020}.Debug|Any CPU.ActiveCfg = Debug|Any CPU
		{2FCFC387-E48D-46ED-B7C0-AE1E8EFE0020}.Debug|Any CPU.Build.0 = Debug|Any CPU
		{2FCFC387-E48D-46ED-B7C0-AE1E8EFE0020}.Release|Any CPU.ActiveCfg = Release|Any CPU
		{2FCFC387-E48D-46ED-B7C0-AE1E8EFE0020}.Release|Any CPU.Build.0 = Release|Any CPU
	EndGlobalSection
	GlobalSection(SolutionProperties) = preSolution
		HideSolutionNode = FALSE
	EndGlobalSection
	GlobalSection(NestedProjects) = preSolution
		{E8CB2EBA-4223-4F27-9679-2DD45CFF9E7E} = {02EA681E-C7D8-13C7-8484-4AC65E1B71E8}
		{AD1C6290-9FDF-44B5-8B5C-D3827BDDC153} = {02EA681E-C7D8-13C7-8484-4AC65E1B71E8}
		{CD8913CF-0D4F-4E94-A67D-413DC7FA323E} = {02EA681E-C7D8-13C7-8484-4AC65E1B71E8}
		{3350BA46-5BFF-49ED-8437-20D32AC607D3} = {02EA681E-C7D8-13C7-8484-4AC65E1B71E8}
		{1675767B-82BF-4C19-900D-5BC971023AD3} = {02EA681E-C7D8-13C7-8484-4AC65E1B71E8}
		{93C7BC18-08F4-43BA-A883-0124DBA26AF3} = {F9F7EDB9-727E-48F4-979D-8EB3483107D0}
		{438F150F-4A43-4DB7-8AC7-FBA54B8E4BDC} = {F9F7EDB9-727E-48F4-979D-8EB3483107D0}
		{351F0282-7ED1-4B14-A260-D3C1A238F271} = {F9F7EDB9-727E-48F4-979D-8EB3483107D0}
		{4F9BFBB8-113E-46E8-BA8A-16E8AE5C8F17} = {02EA681E-C7D8-13C7-8484-4AC65E1B71E8}
		{41DB9F5E-FD78-4B66-92B9-235C25D636CE} = {02EA681E-C7D8-13C7-8484-4AC65E1B71E8}
		{96E780A3-8947-4A8D-8466-BFF86B95A908} = {E8CB2EBA-4223-4F27-9679-2DD45CFF9E7E}
		{403C6BEA-5C5F-4D3F-A767-51586C46C441} = {CD8913CF-0D4F-4E94-A67D-413DC7FA323E}
		{15A6D765-B458-4F4B-BD19-2F0127750ACF} = {3350BA46-5BFF-49ED-8437-20D32AC607D3}
		{8577F115-CD9C-4F10-9CB8-1173E46A93F4} = {1675767B-82BF-4C19-900D-5BC971023AD3}
		{E5D07913-5C7A-4023-B657-3143499C8ED3} = {AD1C6290-9FDF-44B5-8B5C-D3827BDDC153}
		{80681D40-DECF-43F1-8708-0A1DC8D04C81} = {4F9BFBB8-113E-46E8-BA8A-16E8AE5C8F17}
		{60C83013-ADB3-4602-BCB3-9A17D3BA6D2D} = {41DB9F5E-FD78-4B66-92B9-235C25D636CE}
		{2517E14D-366F-403E-A155-A352AD5D1437} = {93C7BC18-08F4-43BA-A883-0124DBA26AF3}
		{DC24075A-9706-4CD5-909E-25B6B77EB5FD} = {438F150F-4A43-4DB7-8AC7-FBA54B8E4BDC}
		{2FCFC387-E48D-46ED-B7C0-AE1E8EFE0020} = {351F0282-7ED1-4B14-A260-D3C1A238F271}
	EndGlobalSection
	GlobalSection(ExtensibilityGlobals) = postSolution
		SolutionGuid = {E382A576-44A6-4291-80B9-8221B88FF28D}
	EndGlobalSection
EndGlobal
